
Microsoft Visual Studio Solution File, Format Version 12.00
# Visual Studio Version 16
VisualStudioVersion = 16.0.31410.357
MinimumVisualStudioVersion = 10.0.40219.1
Project("{FAE04EC0-301F-11D3-BF4B-00C04F79EFBC}") = "databasefirst1", "databasefirst1\databasefirst1.csproj", "{51F99316-0829-4A9D-AE6B-1E15B3F6F262}"
EndProject
Global
	GlobalSection(SolutionConfigurationPlatforms) = preSolution
		Debug|Any CPU = Debug|Any CPU
		Release|Any CPU = Release|Any CPU
	EndGlobalSection
	GlobalSection(ProjectConfigurationPlatforms) = postSolution
		{51F99316-0829-4A9D-AE6B-1E15B3F6F262}.Debug|Any CPU.ActiveCfg = Debug|Any CPU
		{51F99316-0829-4A9D-AE6B-1E15B3F6F262}.Debug|Any CPU.Build.0 = Debug|Any CPU
		{51F99316-0829-4A9D-AE6B-1E15B3F6F262}.Release|Any CPU.ActiveCfg = Release|Any CPU
		{51F99316-0829-4A9D-AE6B-1E15B3F6F262}.Release|Any CPU.Build.0 = Release|Any CPU
	EndGlobalSection
	GlobalSection(SolutionProperties) = preSolution
		HideSolutionNode = FALSE
	EndGlobalSection
	GlobalSection(ExtensibilityGlobals) = postSolution
		SolutionGuid = {F2FB591A-5171-400C-A92D-BFADF54DA151}
	EndGlobalSection
EndGlobal
